
Microsoft Visual Studio Solution File, Format Version 12.00
# Visual Studio 15
VisualStudioVersion = 15.0.26124.0
MinimumVisualStudioVersion = 15.0.26124.0
Project("{FAE04EC0-301F-11D3-BF4B-00C04F79EFBC}") = "Eav.Reading", "Eav.Reading\Eav.Reading.csproj", "{5BD3B938-EDB4-423D-ADCE-9A65637E0575}"
EndProject
Project("{FAE04EC0-301F-11D3-BF4B-00C04F79EFBC}") = "Eav.Persisting", "Eav.Persisting\Eav.Persisting.csproj", "{D920B43E-4ACA-45BE-AED1-DB0CC30E751C}"
EndProject
Project("{FAE04EC0-301F-11D3-BF4B-00C04F79EFBC}") = "Eav.Triggering", "Eav.Triggering\Eav.Triggering.csproj", "{DB32E61C-720F-44EF-B10D-79D8D80DDD19}"
EndProject
Project("{FAE04EC0-301F-11D3-BF4B-00C04F79EFBC}") = "DemoApplication", "DemoApplication\DemoApplication.csproj", "{415823CC-42BE-421E-940B-EC9C102A2CB0}"
EndProject
Project("{2150E333-8FDC-42A3-9474-1A3956D46DE8}") = "Infrastructure", "Infrastructure", "{1FE50C88-5DDA-4FC0-BDD8-A9B838F3AD01}"
ProjectSection(SolutionItems) = preProject
	docker-compose.yml = docker-compose.yml
EndProjectSection
EndProject
Global
	GlobalSection(SolutionConfigurationPlatforms) = preSolution
		Debug|Any CPU = Debug|Any CPU
		Debug|x64 = Debug|x64
		Debug|x86 = Debug|x86
		Release|Any CPU = Release|Any CPU
		Release|x64 = Release|x64
		Release|x86 = Release|x86
	EndGlobalSection
	GlobalSection(SolutionProperties) = preSolution
		HideSolutionNode = FALSE
	EndGlobalSection
	GlobalSection(ProjectConfigurationPlatforms) = postSolution
		{5BD3B938-EDB4-423D-ADCE-9A65637E0575}.Debug|Any CPU.ActiveCfg = Debug|Any CPU
		{5BD3B938-EDB4-423D-ADCE-9A65637E0575}.Debug|Any CPU.Build.0 = Debug|Any CPU
		{5BD3B938-EDB4-423D-ADCE-9A65637E0575}.Debug|x64.ActiveCfg = Debug|Any CPU
		{5BD3B938-EDB4-423D-ADCE-9A65637E0575}.Debug|x64.Build.0 = Debug|Any CPU
		{5BD3B938-EDB4-423D-ADCE-9A65637E0575}.Debug|x86.ActiveCfg = Debug|Any CPU
		{5BD3B938-EDB4-423D-ADCE-9A65637E0575}.Debug|x86.Build.0 = Debug|Any CPU
		{5BD3B938-EDB4-423D-ADCE-9A65637E0575}.Release|Any CPU.ActiveCfg = Release|Any CPU
		{5BD3B938-EDB4-423D-ADCE-9A65637E0575}.Release|Any CPU.Build.0 = Release|Any CPU
		{5BD3B938-EDB4-423D-ADCE-9A65637E0575}.Release|x64.ActiveCfg = Release|Any CPU
		{5BD3B938-EDB4-423D-ADCE-9A65637E0575}.Release|x64.Build.0 = Release|Any CPU
		{5BD3B938-EDB4-423D-ADCE-9A65637E0575}.Release|x86.ActiveCfg = Release|Any CPU
		{5BD3B938-EDB4-423D-ADCE-9A65637E0575}.Release|x86.Build.0 = Release|Any CPU
		{D920B43E-4ACA-45BE-AED1-DB0CC30E751C}.Debug|Any CPU.ActiveCfg = Debug|Any CPU
		{D920B43E-4ACA-45BE-AED1-DB0CC30E751C}.Debug|Any CPU.Build.0 = Debug|Any CPU
		{D920B43E-4ACA-45BE-AED1-DB0CC30E751C}.Debug|x64.ActiveCfg = Debug|Any CPU
		{D920B43E-4ACA-45BE-AED1-DB0CC30E751C}.Debug|x64.Build.0 = Debug|Any CPU
		{D920B43E-4ACA-45BE-AED1-DB0CC30E751C}.Debug|x86.ActiveCfg = Debug|Any CPU
		{D920B43E-4ACA-45BE-AED1-DB0CC30E751C}.Debug|x86.Build.0 = Debug|Any CPU
		{D920B43E-4ACA-45BE-AED1-DB0CC30E751C}.Release|Any CPU.ActiveCfg = Release|Any CPU
		{D920B43E-4ACA-45BE-AED1-DB0CC30E751C}.Release|Any CPU.Build.0 = Release|Any CPU
		{D920B43E-4ACA-45BE-AED1-DB0CC30E751C}.Release|x64.ActiveCfg = Release|Any CPU
		{D920B43E-4ACA-45BE-AED1-DB0CC30E751C}.Release|x64.Build.0 = Release|Any CPU
		{D920B43E-4ACA-45BE-AED1-DB0CC30E751C}.Release|x86.ActiveCfg = Release|Any CPU
		{D920B43E-4ACA-45BE-AED1-DB0CC30E751C}.Release|x86.Build.0 = Release|Any CPU
		{DB32E61C-720F-44EF-B10D-79D8D80DDD19}.Debug|Any CPU.ActiveCfg = Debug|Any CPU
		{DB32E61C-720F-44EF-B10D-79D8D80DDD19}.Debug|Any CPU.Build.0 = Debug|Any CPU
		{DB32E61C-720F-44EF-B10D-79D8D80DDD19}.Debug|x64.ActiveCfg = Debug|Any CPU
		{DB32E61C-720F-44EF-B10D-79D8D80DDD19}.Debug|x64.Build.0 = Debug|Any CPU
		{DB32E61C-720F-44EF-B10D-79D8D80DDD19}.Debug|x86.ActiveCfg = Debug|Any CPU
		{DB32E61C-720F-44EF-B10D-79D8D80DDD19}.Debug|x86.Build.0 = Debug|Any CPU
		{DB32E61C-720F-44EF-B10D-79D8D80DDD19}.Release|Any CPU.ActiveCfg = Release|Any CPU
		{DB32E61C-720F-44EF-B10D-79D8D80DDD19}.Release|Any CPU.Build.0 = Release|Any CPU
		{DB32E61C-720F-44EF-B10D-79D8D80DDD19}.Release|x64.ActiveCfg = Release|Any CPU
		{DB32E61C-720F-44EF-B10D-79D8D80DDD19}.Release|x64.Build.0 = Release|Any CPU
		{DB32E61C-720F-44EF-B10D-79D8D80DDD19}.Release|x86.ActiveCfg = Release|Any CPU
		{DB32E61C-720F-44EF-B10D-79D8D80DDD19}.Release|x86.Build.0 = Release|Any CPU
		{415823CC-42BE-421E-940B-EC9C102A2CB0}.Debug|Any CPU.ActiveCfg = Debug|Any CPU
		{415823CC-42BE-421E-940B-EC9C102A2CB0}.Debug|Any CPU.Build.0 = Debug|Any CPU
		{415823CC-42BE-421E-940B-EC9C102A2CB0}.Debug|x64.ActiveCfg = Debug|Any CPU
		{415823CC-42BE-421E-940B-EC9C102A2CB0}.Debug|x64.Build.0 = Debug|Any CPU
		{415823CC-42BE-421E-940B-EC9C102A2CB0}.Debug|x86.ActiveCfg = Debug|Any CPU
		{415823CC-42BE-421E-940B-EC9C102A2CB0}.Debug|x86.Build.0 = Debug|Any CPU
		{415823CC-42BE-421E-940B-EC9C102A2CB0}.Release|Any CPU.ActiveCfg = Release|Any CPU
		{415823CC-42BE-421E-940B-EC9C102A2CB0}.Release|Any CPU.Build.0 = Release|Any CPU
		{415823CC-42BE-421E-940B-EC9C102A2CB0}.Release|x64.ActiveCfg = Release|Any CPU
		{415823CC-42BE-421E-940B-EC9C102A2CB0}.Release|x64.Build.0 = Release|Any CPU
		{415823CC-42BE-421E-940B-EC9C102A2CB0}.Release|x86.ActiveCfg = Release|Any CPU
		{415823CC-42BE-421E-940B-EC9C102A2CB0}.Release|x86.Build.0 = Release|Any CPU
	EndGlobalSection
EndGlobal
