
Microsoft Visual Studio Solution File, Format Version 12.00
# Visual Studio 15
VisualStudioVersion = 15.0.26124.0
MinimumVisualStudioVersion = 15.0.26124.0
Project("{2150E333-8FDC-42A3-9474-1A3956D46DE8}") = "Infrastructure", "Infrastructure", "{1FE50C88-5DDA-4FC0-BDD8-A9B838F3AD01}"
ProjectSection(SolutionItems) = preProject
	docker-compose.yml = docker-compose.yml
EndProjectSection
EndProject
Project("{FAE04EC0-301F-11D3-BF4B-00C04F79EFBC}") = "ReadApi", "ReadApi\ReadApi.csproj", "{E66F563D-42D5-4C23-9BF0-E00E1CC301DA}"
EndProject
Project("{FAE04EC0-301F-11D3-BF4B-00C04F79EFBC}") = "EavDb", "EavDb\EavDb.csproj", "{1BE7204D-0B45-4A49-860C-8238D2314225}"
EndProject
Project("{FAE04EC0-301F-11D3-BF4B-00C04F79EFBC}") = "WriteApi", "WriteApi\WriteApi.csproj", "{EF84763F-810B-44C6-A6B5-FEE3F30C142E}"
EndProject
Project("{FAE04EC0-301F-11D3-BF4B-00C04F79EFBC}") = "MutationExtractor", "MutationExtractor\MutationExtractor.csproj", "{0608A79B-B3ED-4AB9-9109-3A0DF8B9433B}"
EndProject
Project("{FAE04EC0-301F-11D3-BF4B-00C04F79EFBC}") = "MutationProcessor", "MutationProcessor\MutationProcessor.csproj", "{95C6A949-8606-49A7-ACC9-C7AC88A616C2}"
EndProject
Global
	GlobalSection(SolutionConfigurationPlatforms) = preSolution
		Debug|Any CPU = Debug|Any CPU
		Debug|x64 = Debug|x64
		Debug|x86 = Debug|x86
		Release|Any CPU = Release|Any CPU
		Release|x64 = Release|x64
		Release|x86 = Release|x86
	EndGlobalSection
	GlobalSection(SolutionProperties) = preSolution
		HideSolutionNode = FALSE
	EndGlobalSection
	GlobalSection(ProjectConfigurationPlatforms) = postSolution
		{E66F563D-42D5-4C23-9BF0-E00E1CC301DA}.Debug|Any CPU.ActiveCfg = Debug|Any CPU
		{E66F563D-42D5-4C23-9BF0-E00E1CC301DA}.Debug|Any CPU.Build.0 = Debug|Any CPU
		{E66F563D-42D5-4C23-9BF0-E00E1CC301DA}.Debug|x64.ActiveCfg = Debug|Any CPU
		{E66F563D-42D5-4C23-9BF0-E00E1CC301DA}.Debug|x64.Build.0 = Debug|Any CPU
		{E66F563D-42D5-4C23-9BF0-E00E1CC301DA}.Debug|x86.ActiveCfg = Debug|Any CPU
		{E66F563D-42D5-4C23-9BF0-E00E1CC301DA}.Debug|x86.Build.0 = Debug|Any CPU
		{E66F563D-42D5-4C23-9BF0-E00E1CC301DA}.Release|Any CPU.ActiveCfg = Release|Any CPU
		{E66F563D-42D5-4C23-9BF0-E00E1CC301DA}.Release|Any CPU.Build.0 = Release|Any CPU
		{E66F563D-42D5-4C23-9BF0-E00E1CC301DA}.Release|x64.ActiveCfg = Release|Any CPU
		{E66F563D-42D5-4C23-9BF0-E00E1CC301DA}.Release|x64.Build.0 = Release|Any CPU
		{E66F563D-42D5-4C23-9BF0-E00E1CC301DA}.Release|x86.ActiveCfg = Release|Any CPU
		{E66F563D-42D5-4C23-9BF0-E00E1CC301DA}.Release|x86.Build.0 = Release|Any CPU
		{1BE7204D-0B45-4A49-860C-8238D2314225}.Debug|Any CPU.ActiveCfg = Debug|Any CPU
		{1BE7204D-0B45-4A49-860C-8238D2314225}.Debug|Any CPU.Build.0 = Debug|Any CPU
		{1BE7204D-0B45-4A49-860C-8238D2314225}.Debug|x64.ActiveCfg = Debug|Any CPU
		{1BE7204D-0B45-4A49-860C-8238D2314225}.Debug|x64.Build.0 = Debug|Any CPU
		{1BE7204D-0B45-4A49-860C-8238D2314225}.Debug|x86.ActiveCfg = Debug|Any CPU
		{1BE7204D-0B45-4A49-860C-8238D2314225}.Debug|x86.Build.0 = Debug|Any CPU
		{1BE7204D-0B45-4A49-860C-8238D2314225}.Release|Any CPU.ActiveCfg = Release|Any CPU
		{1BE7204D-0B45-4A49-860C-8238D2314225}.Release|Any CPU.Build.0 = Release|Any CPU
		{1BE7204D-0B45-4A49-860C-8238D2314225}.Release|x64.ActiveCfg = Release|Any CPU
		{1BE7204D-0B45-4A49-860C-8238D2314225}.Release|x64.Build.0 = Release|Any CPU
		{1BE7204D-0B45-4A49-860C-8238D2314225}.Release|x86.ActiveCfg = Release|Any CPU
		{1BE7204D-0B45-4A49-860C-8238D2314225}.Release|x86.Build.0 = Release|Any CPU
		{EF84763F-810B-44C6-A6B5-FEE3F30C142E}.Debug|Any CPU.ActiveCfg = Debug|Any CPU
		{EF84763F-810B-44C6-A6B5-FEE3F30C142E}.Debug|Any CPU.Build.0 = Debug|Any CPU
		{EF84763F-810B-44C6-A6B5-FEE3F30C142E}.Debug|x64.ActiveCfg = Debug|Any CPU
		{EF84763F-810B-44C6-A6B5-FEE3F30C142E}.Debug|x64.Build.0 = Debug|Any CPU
		{EF84763F-810B-44C6-A6B5-FEE3F30C142E}.Debug|x86.ActiveCfg = Debug|Any CPU
		{EF84763F-810B-44C6-A6B5-FEE3F30C142E}.Debug|x86.Build.0 = Debug|Any CPU
		{EF84763F-810B-44C6-A6B5-FEE3F30C142E}.Release|Any CPU.ActiveCfg = Release|Any CPU
		{EF84763F-810B-44C6-A6B5-FEE3F30C142E}.Release|Any CPU.Build.0 = Release|Any CPU
		{EF84763F-810B-44C6-A6B5-FEE3F30C142E}.Release|x64.ActiveCfg = Release|Any CPU
		{EF84763F-810B-44C6-A6B5-FEE3F30C142E}.Release|x64.Build.0 = Release|Any CPU
		{EF84763F-810B-44C6-A6B5-FEE3F30C142E}.Release|x86.ActiveCfg = Release|Any CPU
		{EF84763F-810B-44C6-A6B5-FEE3F30C142E}.Release|x86.Build.0 = Release|Any CPU
		{0608A79B-B3ED-4AB9-9109-3A0DF8B9433B}.Debug|Any CPU.ActiveCfg = Debug|Any CPU
		{0608A79B-B3ED-4AB9-9109-3A0DF8B9433B}.Debug|Any CPU.Build.0 = Debug|Any CPU
		{0608A79B-B3ED-4AB9-9109-3A0DF8B9433B}.Debug|x64.ActiveCfg = Debug|Any CPU
		{0608A79B-B3ED-4AB9-9109-3A0DF8B9433B}.Debug|x64.Build.0 = Debug|Any CPU
		{0608A79B-B3ED-4AB9-9109-3A0DF8B9433B}.Debug|x86.ActiveCfg = Debug|Any CPU
		{0608A79B-B3ED-4AB9-9109-3A0DF8B9433B}.Debug|x86.Build.0 = Debug|Any CPU
		{0608A79B-B3ED-4AB9-9109-3A0DF8B9433B}.Release|Any CPU.ActiveCfg = Release|Any CPU
		{0608A79B-B3ED-4AB9-9109-3A0DF8B9433B}.Release|Any CPU.Build.0 = Release|Any CPU
		{0608A79B-B3ED-4AB9-9109-3A0DF8B9433B}.Release|x64.ActiveCfg = Release|Any CPU
		{0608A79B-B3ED-4AB9-9109-3A0DF8B9433B}.Release|x64.Build.0 = Release|Any CPU
		{0608A79B-B3ED-4AB9-9109-3A0DF8B9433B}.Release|x86.ActiveCfg = Release|Any CPU
		{0608A79B-B3ED-4AB9-9109-3A0DF8B9433B}.Release|x86.Build.0 = Release|Any CPU
		{95C6A949-8606-49A7-ACC9-C7AC88A616C2}.Debug|Any CPU.ActiveCfg = Debug|Any CPU
		{95C6A949-8606-49A7-ACC9-C7AC88A616C2}.Debug|Any CPU.Build.0 = Debug|Any CPU
		{95C6A949-8606-49A7-ACC9-C7AC88A616C2}.Debug|x64.ActiveCfg = Debug|Any CPU
		{95C6A949-8606-49A7-ACC9-C7AC88A616C2}.Debug|x64.Build.0 = Debug|Any CPU
		{95C6A949-8606-49A7-ACC9-C7AC88A616C2}.Debug|x86.ActiveCfg = Debug|Any CPU
		{95C6A949-8606-49A7-ACC9-C7AC88A616C2}.Debug|x86.Build.0 = Debug|Any CPU
		{95C6A949-8606-49A7-ACC9-C7AC88A616C2}.Release|Any CPU.ActiveCfg = Release|Any CPU
		{95C6A949-8606-49A7-ACC9-C7AC88A616C2}.Release|Any CPU.Build.0 = Release|Any CPU
		{95C6A949-8606-49A7-ACC9-C7AC88A616C2}.Release|x64.ActiveCfg = Release|Any CPU
		{95C6A949-8606-49A7-ACC9-C7AC88A616C2}.Release|x64.Build.0 = Release|Any CPU
		{95C6A949-8606-49A7-ACC9-C7AC88A616C2}.Release|x86.ActiveCfg = Release|Any CPU
		{95C6A949-8606-49A7-ACC9-C7AC88A616C2}.Release|x86.Build.0 = Release|Any CPU
	EndGlobalSection
EndGlobal
